// !$*UTF8*$!
{
	archiveVersion = 1;
	classes = {
	};
	objectVersion = 77;
	objects = {

/* Begin PBXBuildFile section */
		061AF7384B28E8EF7F2FFC29 /* RIMESKeyboard.appex in Embed Foundation Extensions */ = {isa = PBXBuildFile; fileRef = B5C6E4AD5FD1AD736D377EAB /* RIMESKeyboard.appex */; settings = {ATTRIBUTES = (RemoveHeadersOnCopy, ); }; };
		07278CA48F1961A0966D176D /* KeyboardFeedback.swift in Sources */ = {isa = PBXBuildFile; fileRef = 5069B7A0CE0CA7FA60C8A05B /* KeyboardFeedback.swift */; };
		0E3F096AF85A9F91E7741EBA /* BufferComposition.swift in Sources */ = {isa = PBXBuildFile; fileRef = 9E1C9123D22B409520688270 /* BufferComposition.swift */; };
		0FC1EF3D45A3AE16603B9FF1 /* KeySurface.swift in Sources */ = {isa = PBXBuildFile; fileRef = B579639B42DCF0E4CECDE063 /* KeySurface.swift */; };
		12ED10B7FAED3657E4132730 /* RimesCore in Frameworks */ = {isa = PBXBuildFile; productRef = 166AC455F71B32F8A88BEBA0 /* RimesCore */; };
		15C8E9DF2F87DE79FBB21672 /* RimeMobile.mm in Sources */ = {isa = PBXBuildFile; fileRef = 3EAB21FD96993A6C23136780 /* RimeMobile.mm */; };
		166CFB292309FB9C7B49CBCE /* ProxyTextDeliveryTests.swift in Sources */ = {isa = PBXBuildFile; fileRef = B27CF03C0859851D185730C9 /* ProxyTextDeliveryTests.swift */; };
		177FBCAB4803C1E06B767D5E /* RimesCore in Frameworks */ = {isa = PBXBuildFile; productRef = BD70F7451E25B54A49DF7E2C /* RimesCore */; };
		2307CE0B78A56CF65B67A559 /* KeyboardReturnTests.swift in Sources */ = {isa = PBXBuildFile; fileRef = 6DBB9768E003B1C3CFFE8C3E /* KeyboardReturnTests.swift */; };
		25DCCF513E407077F1F0A806 /* NineKeySpellingStrip.swift in Sources */ = {isa = PBXBuildFile; fileRef = 06020C1B1A04E92AD87882FD /* NineKeySpellingStrip.swift */; };
		272E9A702E215BA565D36909 /* EngineTests.swift in Sources */ = {isa = PBXBuildFile; fileRef = 05F694330D783C5822C8798A /* EngineTests.swift */; };
		2C74B9E450061B9F6039A393 /* RimeSchemeStore.swift in Sources */ = {isa = PBXBuildFile; fileRef = 4B6051F96C6D74B03DDBD09A /* RimeSchemeStore.swift */; };
		2CC8651505B16A7250086C08 /* TypingStatsCard.swift in Sources */ = {isa = PBXBuildFile; fileRef = 958F4F15438623865AB6C313 /* TypingStatsCard.swift */; };
		33CF7811AAFF1A344E74AF8A /* RimeSchemesView.swift in Sources */ = {isa = PBXBuildFile; fileRef = 92FB76D5CBC4B4028F17C58A /* RimeSchemesView.swift */; };
		34ED8AECFF8B222576516BC0 /* Settings.swift in Sources */ = {isa = PBXBuildFile; fileRef = B00BED878670FDB179561899 /* Settings.swift */; };
		359E9CC6938EB1BBDB219690 /* BufferPlugins.swift in Sources */ = {isa = PBXBuildFile; fileRef = C51625B30F552E79ED0A6F8C /* BufferPlugins.swift */; };
		36D91B350C9E1AF30D66DE52 /* BufferPlugins.swift in Sources */ = {isa = PBXBuildFile; fileRef = C51625B30F552E79ED0A6F8C /* BufferPlugins.swift */; };
		3B433873A2CDC9AFA98CC523 /* EngineData in Resources */ = {isa = PBXBuildFile; fileRef = FC8031DB5E05D900912B3101 /* EngineData */; };
		3B550D2E995F9AF0E98E0161 /* KeyboardTheme.swift in Sources */ = {isa = PBXBuildFile; fileRef = F7F5A93D8EB1084348D7BBF9 /* KeyboardTheme.swift */; };
		3C33666CE829A6A1E01AD044 /* Assets.xcassets in Resources */ = {isa = PBXBuildFile; fileRef = 74F4E20EEDD01DC7F5CC2F6A /* Assets.xcassets */; };
		3E11FAC0D97F5886CDCC43B0 /* ProxyTextDelivery.swift in Sources */ = {isa = PBXBuildFile; fileRef = FC2A712CDC7868E1C11B6DAA /* ProxyTextDelivery.swift */; };
		3E147968371E22274FF45E11 /* KeycapButton.swift in Sources */ = {isa = PBXBuildFile; fileRef = EE4D3A2A8A76FA57F6693DE9 /* KeycapButton.swift */; };
		3F6D30BE9B93765F7513FFCA /* ImportedSchemeRuntimeTests.swift in Sources */ = {isa = PBXBuildFile; fileRef = 123F4B42F6E762634480E19C /* ImportedSchemeRuntimeTests.swift */; };
		40A308237B37752BC3921A5D /* Yams in Frameworks */ = {isa = PBXBuildFile; productRef = 7142FC0CD1A3B50276E5662D /* Yams */; };
		4961F6AE780BB5C06B8D4582 /* RimeSchemeImportService.swift in Sources */ = {isa = PBXBuildFile; fileRef = D5A42947E46873A8D30C3F89 /* RimeSchemeImportService.swift */; };
		49D0B8B96EA1C4435CFC0051 /* Settings.swift in Sources */ = {isa = PBXBuildFile; fileRef = B00BED878670FDB179561899 /* Settings.swift */; };
		4B221BA066E2D63D020A880B /* CustomKeyboardRuntimeTests.swift in Sources */ = {isa = PBXBuildFile; fileRef = 279A8AAE2CD23A966D6C3141 /* CustomKeyboardRuntimeTests.swift */; };
		4D856586B4C7EA5A6A8BF45B /* AssociationHistoryStore.swift in Sources */ = {isa = PBXBuildFile; fileRef = A9E2AEDB4B02676AFDCA4C1D /* AssociationHistoryStore.swift */; };
		5127AF8F2477691DBF3B141A /* Rime.xcframework in Frameworks */ = {isa = PBXBuildFile; fileRef = D2AE2CA88B327774FC437F4A /* Rime.xcframework */; };
		51BE676C9B57DCF8AB6B8B20 /* SingleLineTextView.swift in Sources */ = {isa = PBXBuildFile; fileRef = EF6CD944F6471C08640346FA /* SingleLineTextView.swift */; };
		527AFFFAD37FAAF49895D345 /* TypingCardPreview.swift in Sources */ = {isa = PBXBuildFile; fileRef = 1A8F28F2D8A3F3D79A70A2B1 /* TypingCardPreview.swift */; };
		53711EC3A47E831055F5FA12 /* StandardKeyboardGeometry.swift in Sources */ = {isa = PBXBuildFile; fileRef = 89EE0C87BBB05DE6C614083F /* StandardKeyboardGeometry.swift */; };
		58F7097E34013C659DAEA6F0 /* OfficialPlugins.swift in Sources */ = {isa = PBXBuildFile; fileRef = 95E5B9D8985C1D838087287C /* OfficialPlugins.swift */; };
		5F90899BC8A1FA6AA5ACABA5 /* NineKeySpellingStrip.swift in Sources */ = {isa = PBXBuildFile; fileRef = 06020C1B1A04E92AD87882FD /* NineKeySpellingStrip.swift */; };
		630E928793178DCD96B5DD17 /* MobileEngine.swift in Sources */ = {isa = PBXBuildFile; fileRef = E21B5038BEE6B784ABA0CB35 /* MobileEngine.swift */; };
		63ED8AC039471572901856BA /* OfficialPluginsView.swift in Sources */ = {isa = PBXBuildFile; fileRef = F3EF7889B9E7C880F64CF004 /* OfficialPluginsView.swift */; };
		6676C678F69E9C29144B1955 /* KeyboardViewController.swift in Sources */ = {isa = PBXBuildFile; fileRef = BD234B056A3AB0890E5F757B /* KeyboardViewController.swift */; };
		69B1672DB0DA4A702CD47E8E /* KeyboardTheme.swift in Sources */ = {isa = PBXBuildFile; fileRef = F7F5A93D8EB1084348D7BBF9 /* KeyboardTheme.swift */; };
		71617EA2CC1E7B8590ABFF7C /* TranslationSetupView.swift in Sources */ = {isa = PBXBuildFile; fileRef = 33A420AE1C9DDD5196FF7C94 /* TranslationSetupView.swift */; };
		72D3C6D0179CC33FE13C8DA4 /* RimesCore in Frameworks */ = {isa = PBXBuildFile; productRef = 62445D535B1D7A6366C0234B /* RimesCore */; };
		734B504D58D64C71145A9D92 /* Rime.xcframework in Frameworks */ = {isa = PBXBuildFile; fileRef = D2AE2CA88B327774FC437F4A /* Rime.xcframework */; };
		735B7E2158AF773E426B2A0A /* TypingStatsCardView.swift in Sources */ = {isa = PBXBuildFile; fileRef = 016B8809F4A497EAD7356B4B /* TypingStatsCardView.swift */; };
		75BA6903D38B18DABD884E65 /* KeyboardAppearanceView.swift in Sources */ = {isa = PBXBuildFile; fileRef = 4B512948F71264382280A49E /* KeyboardAppearanceView.swift */; };
		798C0F202579710ACC1C232A /* KeyboardSizingTests.swift in Sources */ = {isa = PBXBuildFile; fileRef = 8803889847E94CEDA0FCA292 /* KeyboardSizingTests.swift */; };
		7AC32F9E89FE68E4E8C8B859 /* KeyboardFeedback.swift in Sources */ = {isa = PBXBuildFile; fileRef = 5069B7A0CE0CA7FA60C8A05B /* KeyboardFeedback.swift */; };
		7B44FFB1E8A3171A6FC96728 /* THIRD_PARTY.txt in Resources */ = {isa = PBXBuildFile; fileRef = 8C9250B1ED23E7A955B90C53 /* THIRD_PARTY.txt */; };
		7C801FD873B35BEC029F7469 /* ProxyTextDelivery.swift in Sources */ = {isa = PBXBuildFile; fileRef = FC2A712CDC7868E1C11B6DAA /* ProxyTextDelivery.swift */; };
		7D04B7DC48863EA19A5A4AE5 /* CandidateStrip.swift in Sources */ = {isa = PBXBuildFile; fileRef = 7946B62F3AF352493F425710 /* CandidateStrip.swift */; };
		7E4183786A0A39941DB4FE2A /* EngineData in Resources */ = {isa = PBXBuildFile; fileRef = FC8031DB5E05D900912B3101 /* EngineData */; };
		802DBBE669D7024D9EB737DA /* DocumentIdentity.swift in Sources */ = {isa = PBXBuildFile; fileRef = 8843154BA7094F00E538F6A7 /* DocumentIdentity.swift */; };
		8526F4A224CE0BAE78322E79 /* CustomKeyboardLayoutsView.swift in Sources */ = {isa = PBXBuildFile; fileRef = E51A7DD50818C149DDC22A5B /* CustomKeyboardLayoutsView.swift */; };
		861BF46BEEC215A7023FBB87 /* SingleLineTextView.swift in Sources */ = {isa = PBXBuildFile; fileRef = EF6CD944F6471C08640346FA /* SingleLineTextView.swift */; };
		8BF0710A48CF11F0504D6803 /* TypingStatsCardTests.swift in Sources */ = {isa = PBXBuildFile; fileRef = 49658F734EC498A2C9CB308B /* TypingStatsCardTests.swift */; };
		8D68698F672965C3F08BD8BF /* RepeatKeycapButton.swift in Sources */ = {isa = PBXBuildFile; fileRef = 7EE0C7AE3AD47B418D0BB14A /* RepeatKeycapButton.swift */; };
		91E6E22CA8D776230DF306A3 /* PrivacyInfo.xcprivacy in Resources */ = {isa = PBXBuildFile; fileRef = 2C7665ECABBBF5946A99BE50 /* PrivacyInfo.xcprivacy */; };
		91EBD4A5748E272DC75C5BA9 /* CustomLayoutImportService.swift in Sources */ = {isa = PBXBuildFile; fileRef = 3337258FC96E4F763384F78D /* CustomLayoutImportService.swift */; };
		92163C597796278856E657A5 /* RepeatKeycapButton.swift in Sources */ = {isa = PBXBuildFile; fileRef = 7EE0C7AE3AD47B418D0BB14A /* RepeatKeycapButton.swift */; };
		92849E5F457028B115B1FF68 /* RimesApp.swift in Sources */ = {isa = PBXBuildFile; fileRef = CDCAEBF5822184603F11002A /* RimesApp.swift */; };
		93218DC1888F548CD8FA6D6D /* AssociationHistoryStoreTests.swift in Sources */ = {isa = PBXBuildFile; fileRef = ED3C912208C812CB99B8DBDF /* AssociationHistoryStoreTests.swift */; };
		95A5EB13734351E885046A93 /* OfficialPlugins.swift in Sources */ = {isa = PBXBuildFile; fileRef = 95E5B9D8985C1D838087287C /* OfficialPlugins.swift */; };
		95ED71AEBE07B91599F16862 /* DataManagementView.swift in Sources */ = {isa = PBXBuildFile; fileRef = 7BEEF17C48450623B6EDA9A4 /* DataManagementView.swift */; };
		983BF5641DF0DEB2422295E5 /* MobileEngine.swift in Sources */ = {isa = PBXBuildFile; fileRef = E21B5038BEE6B784ABA0CB35 /* MobileEngine.swift */; };
		98C4B2DF0BB9CAD7A2C89052 /* KeyboardMetrics.swift in Sources */ = {isa = PBXBuildFile; fileRef = 39F8533A3C0C77C8132DCDB6 /* KeyboardMetrics.swift */; };
		9C05F8CB2F471FD771F050F1 /* CustomLayoutImportTests.swift in Sources */ = {isa = PBXBuildFile; fileRef = 50AFBA8C6E253D3F6332B858 /* CustomLayoutImportTests.swift */; };
		9EFB23E60F08BF5DCF4EB5BB /* CustomLayoutStore.swift in Sources */ = {isa = PBXBuildFile; fileRef = 9EAE414E60D30449530F1531 /* CustomLayoutStore.swift */; };
		9F7988AFA7A10E27BAA08DC1 /* TypingCardPhotos.swift in Sources */ = {isa = PBXBuildFile; fileRef = B7A65E8E32CA00E36C40C5E2 /* TypingCardPhotos.swift */; };
		A1159714EFAF35148B97A0CB /* RimeSchemeInstaller.swift in Sources */ = {isa = PBXBuildFile; fileRef = B5F0F1477B1FD14140DD20E9 /* RimeSchemeInstaller.swift */; };
		A4903D0AB35165B2EC3A3B2C /* KeySurface.swift in Sources */ = {isa = PBXBuildFile; fileRef = B579639B42DCF0E4CECDE063 /* KeySurface.swift */; };
		AE09C60A0E0626DD4439C54C /* KeyboardAppearanceStore.swift in Sources */ = {isa = PBXBuildFile; fileRef = 22C291228871A516B47926A7 /* KeyboardAppearanceStore.swift */; };
		B0C0DA13F6F97994AD468B1A /* KeyboardLayoutTests.swift in Sources */ = {isa = PBXBuildFile; fileRef = 4DE121F1A33DDDCC5A07EB42 /* KeyboardLayoutTests.swift */; };
		B128CD8F9F802BF9045E8BE2 /* RimeMobile.mm in Sources */ = {isa = PBXBuildFile; fileRef = 3EAB21FD96993A6C23136780 /* RimeMobile.mm */; };
		B251D53107CA725D60847F87 /* RimeSchemeStore.swift in Sources */ = {isa = PBXBuildFile; fileRef = 4B6051F96C6D74B03DDBD09A /* RimeSchemeStore.swift */; };
		B25F7EF2358BAE1D1A68B9C9 /* BufferComposition.swift in Sources */ = {isa = PBXBuildFile; fileRef = 9E1C9123D22B409520688270 /* BufferComposition.swift */; };
		BA2C38C95D71718C2B4AAA4A /* KeyboardGeometry.swift in Sources */ = {isa = PBXBuildFile; fileRef = C72B7FA3BDA41A0631169E86 /* KeyboardGeometry.swift */; };
		C13F6FE425476661A93F5F56 /* KeyboardAppearanceStore.swift in Sources */ = {isa = PBXBuildFile; fileRef = 22C291228871A516B47926A7 /* KeyboardAppearanceStore.swift */; };
		C67268C6135B29666AB32EB5 /* TypingCardPhotos.swift in Sources */ = {isa = PBXBuildFile; fileRef = B7A65E8E32CA00E36C40C5E2 /* TypingCardPhotos.swift */; };
		C6DC870A22C6E3C67814072D /* CandidateStrip.swift in Sources */ = {isa = PBXBuildFile; fileRef = 7946B62F3AF352493F425710 /* CandidateStrip.swift */; };
		C8768A418DBEFEF541181C58 /* RimeSchemeImportTests.swift in Sources */ = {isa = PBXBuildFile; fileRef = BE80437323A144FAE0A1EC23 /* RimeSchemeImportTests.swift */; };
		CC9298AE26DEDC6B9284B637 /* KeyboardViewController.swift in Sources */ = {isa = PBXBuildFile; fileRef = BD234B056A3AB0890E5F757B /* KeyboardViewController.swift */; };
		CCEAAFA4B5400A4951D4E60E /* StandardKeyboardGeometry.swift in Sources */ = {isa = PBXBuildFile; fileRef = 89EE0C87BBB05DE6C614083F /* StandardKeyboardGeometry.swift */; };
		CD41935A7D0166B4FD36604D /* AssociationHistoryStore.swift in Sources */ = {isa = PBXBuildFile; fileRef = A9E2AEDB4B02676AFDCA4C1D /* AssociationHistoryStore.swift */; };
		D081A1CEBA91C526DB633CB0 /* RimeSchemeStoreTests.swift in Sources */ = {isa = PBXBuildFile; fileRef = 6E158E37CE90948099F8312F /* RimeSchemeStoreTests.swift */; };
		D3E28022CD367BBDCCBC7256 /* Pets in Resources */ = {isa = PBXBuildFile; fileRef = 53727B583722D10C0EB6FE5C /* Pets */; };
		D601A3A1318186EE51DB5690 /* PrivacyInfo.xcprivacy in Resources */ = {isa = PBXBuildFile; fileRef = 2C7665ECABBBF5946A99BE50 /* PrivacyInfo.xcprivacy */; };
		DDBA92B424EBF5423D7DD517 /* ZIPFoundation in Frameworks */ = {isa = PBXBuildFile; productRef = 0D07BB2C862F11B2A58FA496 /* ZIPFoundation */; };
		DFFC9A8B3C618EB494A659CB /* KeyboardMetrics.swift in Sources */ = {isa = PBXBuildFile; fileRef = 39F8533A3C0C77C8132DCDB6 /* KeyboardMetrics.swift */; };
		E05C19918F44E90A49CBB47C /* DocumentIdentity.swift in Sources */ = {isa = PBXBuildFile; fileRef = 8843154BA7094F00E538F6A7 /* DocumentIdentity.swift */; };
		E2BD4AD074AC6BDD6B5DA1FE /* KeyboardGeometry.swift in Sources */ = {isa = PBXBuildFile; fileRef = C72B7FA3BDA41A0631169E86 /* KeyboardGeometry.swift */; };
		E34EA7DC7E95C18CF5525159 /* TypingCardPreview.swift in Sources */ = {isa = PBXBuildFile; fileRef = 1A8F28F2D8A3F3D79A70A2B1 /* TypingCardPreview.swift */; };
		E3E29DC79FD60A9B215CF6BE /* ZIPFoundation in Frameworks */ = {isa = PBXBuildFile; productRef = B7DEF318D8057D84786E61BB /* ZIPFoundation */; };
		E614C97975864D22B5670551 /* DevelopmentSmoke.swift in Sources */ = {isa = PBXBuildFile; fileRef = 89364C5C5A24F3CA907FAF2E /* DevelopmentSmoke.swift */; };
		E72C1337034D54AE30ACC983 /* CustomLayoutStore.swift in Sources */ = {isa = PBXBuildFile; fileRef = 9EAE414E60D30449530F1531 /* CustomLayoutStore.swift */; };
		E858892DBEC8D6E1149D9F05 /* KeyboardThemeStore.swift in Sources */ = {isa = PBXBuildFile; fileRef = FA3FB5E8F813ABA8A7A97E00 /* KeyboardThemeStore.swift */; };
		F359EC1C617DC64B36FCC428 /* KeyboardThemeStore.swift in Sources */ = {isa = PBXBuildFile; fileRef = FA3FB5E8F813ABA8A7A97E00 /* KeyboardThemeStore.swift */; };
		F686A4851F036E5D6AAB61DD /* TypingStatsCard.swift in Sources */ = {isa = PBXBuildFile; fileRef = 958F4F15438623865AB6C313 /* TypingStatsCard.swift */; };
		F94D4DE0296412D481BA1321 /* KeycapButton.swift in Sources */ = {isa = PBXBuildFile; fileRef = EE4D3A2A8A76FA57F6693DE9 /* KeycapButton.swift */; };
		FA1BBEF748F978F93B9BBE1D /* StandardKeyboardRuntimeTests.swift in Sources */ = {isa = PBXBuildFile; fileRef = CB66B9FBF335EB31A84DEEEC /* StandardKeyboardRuntimeTests.swift */; };
		FA419B567BF9671706C576FA /* KeyboardThemeTests.swift in Sources */ = {isa = PBXBuildFile; fileRef = DD3BB4270F03915502833D52 /* KeyboardThemeTests.swift */; };
/* End PBXBuildFile section */

/* Begin PBXContainerItemProxy section */
		5DD2D981B312B20451AA19E0 /* PBXContainerItemProxy */ = {
			isa = PBXContainerItemProxy;
			containerPortal = 3C24AC1759D20490388A0068 /* Project object */;
			proxyType = 1;
			remoteGlobalIDString = EC4CCCDBB1A3610A10D396CE;
			remoteInfo = RIMESKeyboard;
		};
		8EB539F69DB17A3C6A0EDA44 /* PBXContainerItemProxy */ = {
			isa = PBXContainerItemProxy;
			containerPortal = 3C24AC1759D20490388A0068 /* Project object */;
			proxyType = 1;
			remoteGlobalIDString = E60D4567B3E06117E9AAFC00;
			remoteInfo = RIMES;
		};
/* End PBXContainerItemProxy section */

/* Begin PBXCopyFilesBuildPhase section */
		FCD79B9223FA07C65DF13BA2 /* Embed Foundation Extensions */ = {
			isa = PBXCopyFilesBuildPhase;
			buildActionMask = 2147483647;
			dstPath = "";
			dstSubfolderSpec = 13;
			files = (
				061AF7384B28E8EF7F2FFC29 /* RIMESKeyboard.appex in Embed Foundation Extensions */,
			);
			name = "Embed Foundation Extensions";
			runOnlyForDeploymentPostprocessing = 0;
		};
/* End PBXCopyFilesBuildPhase section */

/* Begin PBXFileReference section */
		016B8809F4A497EAD7356B4B /* TypingStatsCardView.swift */ = {isa = PBXFileReference; lastKnownFileType = sourcecode.swift; path = TypingStatsCardView.swift; sourceTree = "<group>"; };
		05F694330D783C5822C8798A /* EngineTests.swift */ = {isa = PBXFileReference; lastKnownFileType = sourcecode.swift; path = EngineTests.swift; sourceTree = "<group>"; };
		06020C1B1A04E92AD87882FD /* NineKeySpellingStrip.swift */ = {isa = PBXFileReference; lastKnownFileType = sourcecode.swift; path = NineKeySpellingStrip.swift; sourceTree = "<group>"; };
		123F4B42F6E762634480E19C /* ImportedSchemeRuntimeTests.swift */ = {isa = PBXFileReference; lastKnownFileType = sourcecode.swift; path = ImportedSchemeRuntimeTests.swift; sourceTree = "<group>"; };
		1A8F28F2D8A3F3D79A70A2B1 /* TypingCardPreview.swift */ = {isa = PBXFileReference; lastKnownFileType = sourcecode.swift; path = TypingCardPreview.swift; sourceTree = "<group>"; };
		22C291228871A516B47926A7 /* KeyboardAppearanceStore.swift */ = {isa = PBXFileReference; lastKnownFileType = sourcecode.swift; path = KeyboardAppearanceStore.swift; sourceTree = "<group>"; };
		2663C56751557C40F55C6B96 /* Info.plist */ = {isa = PBXFileReference; lastKnownFileType = text.plist; path = Info.plist; sourceTree = "<group>"; };
		279A8AAE2CD23A966D6C3141 /* CustomKeyboardRuntimeTests.swift */ = {isa = PBXFileReference; lastKnownFileType = sourcecode.swift; path = CustomKeyboardRuntimeTests.swift; sourceTree = "<group>"; };
		2C7665ECABBBF5946A99BE50 /* PrivacyInfo.xcprivacy */ = {isa = PBXFileReference; path = PrivacyInfo.xcprivacy; sourceTree = "<group>"; };
		328406AEBF3F70DBFC497D85 /* RIMESKeyboard.entitlements */ = {isa = PBXFileReference; lastKnownFileType = text.plist.entitlements; path = RIMESKeyboard.entitlements; sourceTree = "<group>"; };
		3337258FC96E4F763384F78D /* CustomLayoutImportService.swift */ = {isa = PBXFileReference; lastKnownFileType = sourcecode.swift; path = CustomLayoutImportService.swift; sourceTree = "<group>"; };
		33A420AE1C9DDD5196FF7C94 /* TranslationSetupView.swift */ = {isa = PBXFileReference; lastKnownFileType = sourcecode.swift; path = TranslationSetupView.swift; sourceTree = "<group>"; };
		39F8533A3C0C77C8132DCDB6 /* KeyboardMetrics.swift */ = {isa = PBXFileReference; lastKnownFileType = sourcecode.swift; path = KeyboardMetrics.swift; sourceTree = "<group>"; };
		3EAB21FD96993A6C23136780 /* RimeMobile.mm */ = {isa = PBXFileReference; lastKnownFileType = sourcecode.cpp.objcpp; path = RimeMobile.mm; sourceTree = "<group>"; };
		49658F734EC498A2C9CB308B /* TypingStatsCardTests.swift */ = {isa = PBXFileReference; lastKnownFileType = sourcecode.swift; path = TypingStatsCardTests.swift; sourceTree = "<group>"; };
		4B512948F71264382280A49E /* KeyboardAppearanceView.swift */ = {isa = PBXFileReference; lastKnownFileType = sourcecode.swift; path = KeyboardAppearanceView.swift; sourceTree = "<group>"; };
		4B6051F96C6D74B03DDBD09A /* RimeSchemeStore.swift */ = {isa = PBXFileReference; lastKnownFileType = sourcecode.swift; path = RimeSchemeStore.swift; sourceTree = "<group>"; };
		4DE121F1A33DDDCC5A07EB42 /* KeyboardLayoutTests.swift */ = {isa = PBXFileReference; lastKnownFileType = sourcecode.swift; path = KeyboardLayoutTests.swift; sourceTree = "<group>"; };
		5069B7A0CE0CA7FA60C8A05B /* KeyboardFeedback.swift */ = {isa = PBXFileReference; lastKnownFileType = sourcecode.swift; path = KeyboardFeedback.swift; sourceTree = "<group>"; };
		50AFBA8C6E253D3F6332B858 /* CustomLayoutImportTests.swift */ = {isa = PBXFileReference; lastKnownFileType = sourcecode.swift; path = CustomLayoutImportTests.swift; sourceTree = "<group>"; };
		53727B583722D10C0EB6FE5C /* Pets */ = {isa = PBXFileReference; lastKnownFileType = folder; name = Pets; path = Resources/Pets; sourceTree = SOURCE_ROOT; };
		5BA81208AC7C835E461080D2 /* RIMESTests.xctest */ = {isa = PBXFileReference; includeInIndex = 0; lastKnownFileType = wrapper.cfbundle; path = RIMESTests.xctest; sourceTree = BUILT_PRODUCTS_DIR; };
		6DBB9768E003B1C3CFFE8C3E /* KeyboardReturnTests.swift */ = {isa = PBXFileReference; lastKnownFileType = sourcecode.swift; path = KeyboardReturnTests.swift; sourceTree = "<group>"; };
		6E158E37CE90948099F8312F /* RimeSchemeStoreTests.swift */ = {isa = PBXFileReference; lastKnownFileType = sourcecode.swift; path = RimeSchemeStoreTests.swift; sourceTree = "<group>"; };
		74F4E20EEDD01DC7F5CC2F6A /* Assets.xcassets */ = {isa = PBXFileReference; lastKnownFileType = folder.assetcatalog; path = Assets.xcassets; sourceTree = "<group>"; };
		7946B62F3AF352493F425710 /* CandidateStrip.swift */ = {isa = PBXFileReference; lastKnownFileType = sourcecode.swift; path = CandidateStrip.swift; sourceTree = "<group>"; };
		7BEEF17C48450623B6EDA9A4 /* DataManagementView.swift */ = {isa = PBXFileReference; lastKnownFileType = sourcecode.swift; path = DataManagementView.swift; sourceTree = "<group>"; };
		7EE0C7AE3AD47B418D0BB14A /* RepeatKeycapButton.swift */ = {isa = PBXFileReference; lastKnownFileType = sourcecode.swift; path = RepeatKeycapButton.swift; sourceTree = "<group>"; };
		8803889847E94CEDA0FCA292 /* KeyboardSizingTests.swift */ = {isa = PBXFileReference; lastKnownFileType = sourcecode.swift; path = KeyboardSizingTests.swift; sourceTree = "<group>"; };
		8843154BA7094F00E538F6A7 /* DocumentIdentity.swift */ = {isa = PBXFileReference; lastKnownFileType = sourcecode.swift; path = DocumentIdentity.swift; sourceTree = "<group>"; };
		89364C5C5A24F3CA907FAF2E /* DevelopmentSmoke.swift */ = {isa = PBXFileReference; lastKnownFileType = sourcecode.swift; path = DevelopmentSmoke.swift; sourceTree = "<group>"; };
		89EE0C87BBB05DE6C614083F /* StandardKeyboardGeometry.swift */ = {isa = PBXFileReference; lastKnownFileType = sourcecode.swift; path = StandardKeyboardGeometry.swift; sourceTree = "<group>"; };
		8C9250B1ED23E7A955B90C53 /* THIRD_PARTY.txt */ = {isa = PBXFileReference; lastKnownFileType = text; path = THIRD_PARTY.txt; sourceTree = "<group>"; };
		92FB76D5CBC4B4028F17C58A /* RimeSchemesView.swift */ = {isa = PBXFileReference; lastKnownFileType = sourcecode.swift; path = RimeSchemesView.swift; sourceTree = "<group>"; };
		958F4F15438623865AB6C313 /* TypingStatsCard.swift */ = {isa = PBXFileReference; lastKnownFileType = sourcecode.swift; path = TypingStatsCard.swift; sourceTree = "<group>"; };
		95E5B9D8985C1D838087287C /* OfficialPlugins.swift */ = {isa = PBXFileReference; lastKnownFileType = sourcecode.swift; path = OfficialPlugins.swift; sourceTree = "<group>"; };
		9D160F8F1C1D6930650DD221 /* RimeMobile.h */ = {isa = PBXFileReference; lastKnownFileType = sourcecode.c.h; path = RimeMobile.h; sourceTree = "<group>"; };
		9E1C9123D22B409520688270 /* BufferComposition.swift */ = {isa = PBXFileReference; lastKnownFileType = sourcecode.swift; path = BufferComposition.swift; sourceTree = "<group>"; };
		9EAE414E60D30449530F1531 /* CustomLayoutStore.swift */ = {isa = PBXFileReference; lastKnownFileType = sourcecode.swift; path = CustomLayoutStore.swift; sourceTree = "<group>"; };
		A4B419A120442590CD0E3351 /* RIMES.entitlements */ = {isa = PBXFileReference; lastKnownFileType = text.plist.entitlements; path = RIMES.entitlements; sourceTree = "<group>"; };
		A9E2AEDB4B02676AFDCA4C1D /* AssociationHistoryStore.swift */ = {isa = PBXFileReference; lastKnownFileType = sourcecode.swift; path = AssociationHistoryStore.swift; sourceTree = "<group>"; };
		B00BED878670FDB179561899 /* Settings.swift */ = {isa = PBXFileReference; lastKnownFileType = sourcecode.swift; path = Settings.swift; sourceTree = "<group>"; };
		B27CF03C0859851D185730C9 /* ProxyTextDeliveryTests.swift */ = {isa = PBXFileReference; lastKnownFileType = sourcecode.swift; path = ProxyTextDeliveryTests.swift; sourceTree = "<group>"; };
		B579639B42DCF0E4CECDE063 /* KeySurface.swift */ = {isa = PBXFileReference; lastKnownFileType = sourcecode.swift; path = KeySurface.swift; sourceTree = "<group>"; };
		B5C6E4AD5FD1AD736D377EAB /* RIMESKeyboard.appex */ = {isa = PBXFileReference; includeInIndex = 0; lastKnownFileType = "wrapper.app-extension"; path = RIMESKeyboard.appex; sourceTree = BUILT_PRODUCTS_DIR; };
		B5F0F1477B1FD14140DD20E9 /* RimeSchemeInstaller.swift */ = {isa = PBXFileReference; lastKnownFileType = sourcecode.swift; path = RimeSchemeInstaller.swift; sourceTree = "<group>"; };
		B7A65E8E32CA00E36C40C5E2 /* TypingCardPhotos.swift */ = {isa = PBXFileReference; lastKnownFileType = sourcecode.swift; path = TypingCardPhotos.swift; sourceTree = "<group>"; };
		BD234B056A3AB0890E5F757B /* KeyboardViewController.swift */ = {isa = PBXFileReference; lastKnownFileType = sourcecode.swift; path = KeyboardViewController.swift; sourceTree = "<group>"; };
		BE80437323A144FAE0A1EC23 /* RimeSchemeImportTests.swift */ = {isa = PBXFileReference; lastKnownFileType = sourcecode.swift; path = RimeSchemeImportTests.swift; sourceTree = "<group>"; };
		C382D89140A17145FACC18AB /* RIMES.app */ = {isa = PBXFileReference; includeInIndex = 0; lastKnownFileType = wrapper.application; path = RIMES.app; sourceTree = BUILT_PRODUCTS_DIR; };
		C51625B30F552E79ED0A6F8C /* BufferPlugins.swift */ = {isa = PBXFileReference; lastKnownFileType = sourcecode.swift; path = BufferPlugins.swift; sourceTree = "<group>"; };
		C72B7FA3BDA41A0631169E86 /* KeyboardGeometry.swift */ = {isa = PBXFileReference; lastKnownFileType = sourcecode.swift; path = KeyboardGeometry.swift; sourceTree = "<group>"; };
		CB66B9FBF335EB31A84DEEEC /* StandardKeyboardRuntimeTests.swift */ = {isa = PBXFileReference; lastKnownFileType = sourcecode.swift; path = StandardKeyboardRuntimeTests.swift; sourceTree = "<group>"; };
		CDCAEBF5822184603F11002A /* RimesApp.swift */ = {isa = PBXFileReference; lastKnownFileType = sourcecode.swift; path = RimesApp.swift; sourceTree = "<group>"; };
		D2AE2CA88B327774FC437F4A /* Rime.xcframework */ = {isa = PBXFileReference; lastKnownFileType = wrapper.xcframework; name = Rime.xcframework; path = ../../Vendor/Rime.xcframework; sourceTree = "<group>"; };
		D5A42947E46873A8D30C3F89 /* RimeSchemeImportService.swift */ = {isa = PBXFileReference; lastKnownFileType = sourcecode.swift; path = RimeSchemeImportService.swift; sourceTree = "<group>"; };
		DD3BB4270F03915502833D52 /* KeyboardThemeTests.swift */ = {isa = PBXFileReference; lastKnownFileType = sourcecode.swift; path = KeyboardThemeTests.swift; sourceTree = "<group>"; };
		E21B5038BEE6B784ABA0CB35 /* MobileEngine.swift */ = {isa = PBXFileReference; lastKnownFileType = sourcecode.swift; path = MobileEngine.swift; sourceTree = "<group>"; };
		E51A7DD50818C149DDC22A5B /* CustomKeyboardLayoutsView.swift */ = {isa = PBXFileReference; lastKnownFileType = sourcecode.swift; path = CustomKeyboardLayoutsView.swift; sourceTree = "<group>"; };
		ED3C912208C812CB99B8DBDF /* AssociationHistoryStoreTests.swift */ = {isa = PBXFileReference; lastKnownFileType = sourcecode.swift; path = AssociationHistoryStoreTests.swift; sourceTree = "<group>"; };
		EE4D3A2A8A76FA57F6693DE9 /* KeycapButton.swift */ = {isa = PBXFileReference; lastKnownFileType = sourcecode.swift; path = KeycapButton.swift; sourceTree = "<group>"; };
		EF6CD944F6471C08640346FA /* SingleLineTextView.swift */ = {isa = PBXFileReference; lastKnownFileType = sourcecode.swift; path = SingleLineTextView.swift; sourceTree = "<group>"; };
		F19BE59861921D5B014A41BC /* Shared */ = {isa = PBXFileReference; lastKnownFileType = folder; name = Shared; path = ../../Shared; sourceTree = SOURCE_ROOT; };
		F3EF7889B9E7C880F64CF004 /* OfficialPluginsView.swift */ = {isa = PBXFileReference; lastKnownFileType = sourcecode.swift; path = OfficialPluginsView.swift; sourceTree = "<group>"; };
		F7F5A93D8EB1084348D7BBF9 /* KeyboardTheme.swift */ = {isa = PBXFileReference; lastKnownFileType = sourcecode.swift; path = KeyboardTheme.swift; sourceTree = "<group>"; };
		FA3FB5E8F813ABA8A7A97E00 /* KeyboardThemeStore.swift */ = {isa = PBXFileReference; lastKnownFileType = sourcecode.swift; path = KeyboardThemeStore.swift; sourceTree = "<group>"; };
		FC2A712CDC7868E1C11B6DAA /* ProxyTextDelivery.swift */ = {isa = PBXFileReference; lastKnownFileType = sourcecode.swift; path = ProxyTextDelivery.swift; sourceTree = "<group>"; };
		FC8031DB5E05D900912B3101 /* EngineData */ = {isa = PBXFileReference; lastKnownFileType = folder; name = EngineData; path = Resources/EngineData; sourceTree = SOURCE_ROOT; };
		FE341F6EF7C61004FFDE9930 /* Info.plist */ = {isa = PBXFileReference; lastKnownFileType = text.plist; path = Info.plist; sourceTree = "<group>"; };
/* End PBXFileReference section */

/* Begin PBXFrameworksBuildPhase section */
		2AEA6A2D1F906036AB679637 /* Frameworks */ = {
			isa = PBXFrameworksBuildPhase;
			buildActionMask = 2147483647;
			files = (
				177FBCAB4803C1E06B767D5E /* RimesCore in Frameworks */,
				5127AF8F2477691DBF3B141A /* Rime.xcframework in Frameworks */,
			);
			runOnlyForDeploymentPostprocessing = 0;
		};
		6AFD3E209F6F9A3E44410C20 /* Frameworks */ = {
			isa = PBXFrameworksBuildPhase;
			buildActionMask = 2147483647;
			files = (
				12ED10B7FAED3657E4132730 /* RimesCore in Frameworks */,
				DDBA92B424EBF5423D7DD517 /* ZIPFoundation in Frameworks */,
			);
			runOnlyForDeploymentPostprocessing = 0;
		};
		71E4DFEF2620E99EE22CB08A /* Frameworks */ = {
			isa = PBXFrameworksBuildPhase;
			buildActionMask = 2147483647;
			files = (
				72D3C6D0179CC33FE13C8DA4 /* RimesCore in Frameworks */,
				40A308237B37752BC3921A5D /* Yams in Frameworks */,
				E3E29DC79FD60A9B215CF6BE /* ZIPFoundation in Frameworks */,
				734B504D58D64C71145A9D92 /* Rime.xcframework in Frameworks */,
			);
			runOnlyForDeploymentPostprocessing = 0;
		};
/* End PBXFrameworksBuildPhase section */

/* Begin PBXGroup section */
		2D0C4AAB754A8350F799B7B0 /* Tests */ = {
			isa = PBXGroup;
			children = (
				ED3C912208C812CB99B8DBDF /* AssociationHistoryStoreTests.swift */,
				279A8AAE2CD23A966D6C3141 /* CustomKeyboardRuntimeTests.swift */,
				50AFBA8C6E253D3F6332B858 /* CustomLayoutImportTests.swift */,
				05F694330D783C5822C8798A /* EngineTests.swift */,
				123F4B42F6E762634480E19C /* ImportedSchemeRuntimeTests.swift */,
				4DE121F1A33DDDCC5A07EB42 /* KeyboardLayoutTests.swift */,
				6DBB9768E003B1C3CFFE8C3E /* KeyboardReturnTests.swift */,
				8803889847E94CEDA0FCA292 /* KeyboardSizingTests.swift */,
				DD3BB4270F03915502833D52 /* KeyboardThemeTests.swift */,
				B27CF03C0859851D185730C9 /* ProxyTextDeliveryTests.swift */,
				BE80437323A144FAE0A1EC23 /* RimeSchemeImportTests.swift */,
				6E158E37CE90948099F8312F /* RimeSchemeStoreTests.swift */,
				CB66B9FBF335EB31A84DEEEC /* StandardKeyboardRuntimeTests.swift */,
				49658F734EC498A2C9CB308B /* TypingStatsCardTests.swift */,
			);
			path = Tests;
			sourceTree = "<group>";
		};
		387A71BA5FD448CD645263D3 /* Resources */ = {
			isa = PBXGroup;
			children = (
				74F4E20EEDD01DC7F5CC2F6A /* Assets.xcassets */,
				FC8031DB5E05D900912B3101 /* EngineData */,
				53727B583722D10C0EB6FE5C /* Pets */,
				2C7665ECABBBF5946A99BE50 /* PrivacyInfo.xcprivacy */,
				8C9250B1ED23E7A955B90C53 /* THIRD_PARTY.txt */,
			);
			path = Resources;
			sourceTree = "<group>";
		};
		5BEBAB5D78AE5563654D99A9 /* Packages */ = {
			isa = PBXGroup;
			children = (
				F19BE59861921D5B014A41BC /* Shared */,
			);
			name = Packages;
			sourceTree = "<group>";
		};
		782E5DE769252B2EBCC73EEE /* Bridge */ = {
			isa = PBXGroup;
			children = (
				9D160F8F1C1D6930650DD221 /* RimeMobile.h */,
				3EAB21FD96993A6C23136780 /* RimeMobile.mm */,
			);
			path = Bridge;
			sourceTree = "<group>";
		};
		81BBE2E73753EA2DFD465D26 /* App */ = {
			isa = PBXGroup;
			children = (
				E51A7DD50818C149DDC22A5B /* CustomKeyboardLayoutsView.swift */,
				3337258FC96E4F763384F78D /* CustomLayoutImportService.swift */,
				7BEEF17C48450623B6EDA9A4 /* DataManagementView.swift */,
				89364C5C5A24F3CA907FAF2E /* DevelopmentSmoke.swift */,
				FE341F6EF7C61004FFDE9930 /* Info.plist */,
				4B512948F71264382280A49E /* KeyboardAppearanceView.swift */,
				F3EF7889B9E7C880F64CF004 /* OfficialPluginsView.swift */,
				A4B419A120442590CD0E3351 /* RIMES.entitlements */,
				CDCAEBF5822184603F11002A /* RimesApp.swift */,
				D5A42947E46873A8D30C3F89 /* RimeSchemeImportService.swift */,
				B5F0F1477B1FD14140DD20E9 /* RimeSchemeInstaller.swift */,
				92FB76D5CBC4B4028F17C58A /* RimeSchemesView.swift */,
				33A420AE1C9DDD5196FF7C94 /* TranslationSetupView.swift */,
				016B8809F4A497EAD7356B4B /* TypingStatsCardView.swift */,
			);
			path = App;
			sourceTree = "<group>";
		};
		9CEB379C21A4F9696282CEAE /* Support */ = {
			isa = PBXGroup;
			children = (
				A9E2AEDB4B02676AFDCA4C1D /* AssociationHistoryStore.swift */,
				C51625B30F552E79ED0A6F8C /* BufferPlugins.swift */,
				9EAE414E60D30449530F1531 /* CustomLayoutStore.swift */,
				8843154BA7094F00E538F6A7 /* DocumentIdentity.swift */,
				22C291228871A516B47926A7 /* KeyboardAppearanceStore.swift */,
				F7F5A93D8EB1084348D7BBF9 /* KeyboardTheme.swift */,
				FA3FB5E8F813ABA8A7A97E00 /* KeyboardThemeStore.swift */,
				E21B5038BEE6B784ABA0CB35 /* MobileEngine.swift */,
				95E5B9D8985C1D838087287C /* OfficialPlugins.swift */,
				FC2A712CDC7868E1C11B6DAA /* ProxyTextDelivery.swift */,
				4B6051F96C6D74B03DDBD09A /* RimeSchemeStore.swift */,
				B00BED878670FDB179561899 /* Settings.swift */,
				89EE0C87BBB05DE6C614083F /* StandardKeyboardGeometry.swift */,
				B7A65E8E32CA00E36C40C5E2 /* TypingCardPhotos.swift */,
				958F4F15438623865AB6C313 /* TypingStatsCard.swift */,
			);
			path = Support;
			sourceTree = "<group>";
		};
		B99FA2709306C1CA36C0D12D /* Frameworks */ = {
			isa = PBXGroup;
			children = (
				D2AE2CA88B327774FC437F4A /* Rime.xcframework */,
			);
			name = Frameworks;
			sourceTree = "<group>";
		};
		E006F8C810FC1155AC23FB96 = {
			isa = PBXGroup;
			children = (
				81BBE2E73753EA2DFD465D26 /* App */,
				782E5DE769252B2EBCC73EEE /* Bridge */,
				FB5C935122DB3171C66C2192 /* Keyboard */,
				5BEBAB5D78AE5563654D99A9 /* Packages */,
				387A71BA5FD448CD645263D3 /* Resources */,
				9CEB379C21A4F9696282CEAE /* Support */,
				2D0C4AAB754A8350F799B7B0 /* Tests */,
				B99FA2709306C1CA36C0D12D /* Frameworks */,
				F81C4162F605889A72648880 /* Products */,
			);
			sourceTree = "<group>";
		};
		F81C4162F605889A72648880 /* Products */ = {
			isa = PBXGroup;
			children = (
				C382D89140A17145FACC18AB /* RIMES.app */,
				B5C6E4AD5FD1AD736D377EAB /* RIMESKeyboard.appex */,
				5BA81208AC7C835E461080D2 /* RIMESTests.xctest */,
			);
			name = Products;
			sourceTree = "<group>";
		};
		FB5C935122DB3171C66C2192 /* Keyboard */ = {
			isa = PBXGroup;
			children = (
				9E1C9123D22B409520688270 /* BufferComposition.swift */,
				7946B62F3AF352493F425710 /* CandidateStrip.swift */,
				2663C56751557C40F55C6B96 /* Info.plist */,
				5069B7A0CE0CA7FA60C8A05B /* KeyboardFeedback.swift */,
				C72B7FA3BDA41A0631169E86 /* KeyboardGeometry.swift */,
				39F8533A3C0C77C8132DCDB6 /* KeyboardMetrics.swift */,
				BD234B056A3AB0890E5F757B /* KeyboardViewController.swift */,
				EE4D3A2A8A76FA57F6693DE9 /* KeycapButton.swift */,
				B579639B42DCF0E4CECDE063 /* KeySurface.swift */,
				06020C1B1A04E92AD87882FD /* NineKeySpellingStrip.swift */,
				7EE0C7AE3AD47B418D0BB14A /* RepeatKeycapButton.swift */,
				328406AEBF3F70DBFC497D85 /* RIMESKeyboard.entitlements */,
				EF6CD944F6471C08640346FA /* SingleLineTextView.swift */,
				1A8F28F2D8A3F3D79A70A2B1 /* TypingCardPreview.swift */,
			);
			path = Keyboard;
			sourceTree = "<group>";
		};
/* End PBXGroup section */

/* Begin PBXNativeTarget section */
		A545E26831EAAA08403AD624 /* RIMESTests */ = {
			isa = PBXNativeTarget;
			buildConfigurationList = 3F62F4107BC697E2FB928204 /* Build configuration list for PBXNativeTarget "RIMESTests" */;
			buildPhases = (
				DA1A17106AD51E9CB8F8BE4C /* Sources */,
				6AFD3E209F6F9A3E44410C20 /* Frameworks */,
			);
			buildRules = (
			);
			dependencies = (
				AB02CCFDB17827E307FD56CA /* PBXTargetDependency */,
			);
			name = RIMESTests;
			packageProductDependencies = (
				166AC455F71B32F8A88BEBA0 /* RimesCore */,
				0D07BB2C862F11B2A58FA496 /* ZIPFoundation */,
			);
			productName = RIMESTests;
			productReference = 5BA81208AC7C835E461080D2 /* RIMESTests.xctest */;
			productType = "com.apple.product-type.bundle.unit-test";
		};
		E60D4567B3E06117E9AAFC00 /* RIMES */ = {
			isa = PBXNativeTarget;
			buildConfigurationList = BAB4AF4244CF3EB3A2A2235E /* Build configuration list for PBXNativeTarget "RIMES" */;
			buildPhases = (
				833A50CA7435C17956D0F7F5 /* Sources */,
				6B3A3452CC8393E902841226 /* Resources */,
				71E4DFEF2620E99EE22CB08A /* Frameworks */,
				FCD79B9223FA07C65DF13BA2 /* Embed Foundation Extensions */,
			);
			buildRules = (
			);
			dependencies = (
				18576031FBB751E567318A63 /* PBXTargetDependency */,
			);
			name = RIMES;
			packageProductDependencies = (
				62445D535B1D7A6366C0234B /* RimesCore */,
				7142FC0CD1A3B50276E5662D /* Yams */,
				B7DEF318D8057D84786E61BB /* ZIPFoundation */,
			);
			productName = RIMES;
			productReference = C382D89140A17145FACC18AB /* RIMES.app */;
			productType = "com.apple.product-type.application";
		};
		EC4CCCDBB1A3610A10D396CE /* RIMESKeyboard */ = {
			isa = PBXNativeTarget;
			buildConfigurationList = E7D43311CE52E9C1FE3DA162 /* Build configuration list for PBXNativeTarget "RIMESKeyboard" */;
			buildPhases = (
				F998648C6C5D76E39EC0A066 /* Sources */,
				030147F5D9FBC309F7C561EA /* Resources */,
				2AEA6A2D1F906036AB679637 /* Frameworks */,
			);
			buildRules = (
			);
			dependencies = (
			);
			name = RIMESKeyboard;
			packageProductDependencies = (
				BD70F7451E25B54A49DF7E2C /* RimesCore */,
			);
			productName = RIMESKeyboard;
			productReference = B5C6E4AD5FD1AD736D377EAB /* RIMESKeyboard.appex */;
			productType = "com.apple.product-type.app-extension";
		};
/* End PBXNativeTarget section */

/* Begin PBXProject section */
		3C24AC1759D20490388A0068 /* Project object */ = {
			isa = PBXProject;
			attributes = {
				BuildIndependentTargetsInParallel = YES;
				LastUpgradeCheck = 1430;
				TargetAttributes = {
					A545E26831EAAA08403AD624 = {
						DevelopmentTeam = 585J2TL9U6;
						ProvisioningStyle = Automatic;
					};
					E60D4567B3E06117E9AAFC00 = {
						DevelopmentTeam = 585J2TL9U6;
						ProvisioningStyle = Automatic;
					};
					EC4CCCDBB1A3610A10D396CE = {
						DevelopmentTeam = 585J2TL9U6;
						ProvisioningStyle = Automatic;
					};
				};
			};
			buildConfigurationList = B7ABE11F39E0602339736CB7 /* Build configuration list for PBXProject "RIMES" */;
			developmentRegion = en;
			hasScannedForEncodings = 0;
			knownRegions = (
				Base,
				en,
			);
			mainGroup = E006F8C810FC1155AC23FB96;
			minimizedProjectReferenceProxies = 1;
			packageReferences = (
				DA71FF9156A145954F632A98 /* XCRemoteSwiftPackageReference "Yams" */,
				10973DD79569615674A733C1 /* XCRemoteSwiftPackageReference "ZIPFoundation" */,
				5EF4D559F659289BBCA690C3 /* XCLocalSwiftPackageReference "../../Shared" */,
			);
			preferredProjectObjectVersion = 77;
			productRefGroup = F81C4162F605889A72648880 /* Products */;
			projectDirPath = "";
			projectRoot = "";
			targets = (
				E60D4567B3E06117E9AAFC00 /* RIMES */,
				EC4CCCDBB1A3610A10D396CE /* RIMESKeyboard */,
				A545E26831EAAA08403AD624 /* RIMESTests */,
			);
		};
/* End PBXProject section */

/* Begin PBXResourcesBuildPhase section */
		030147F5D9FBC309F7C561EA /* Resources */ = {
			isa = PBXResourcesBuildPhase;
			buildActionMask = 2147483647;
			files = (
				3B433873A2CDC9AFA98CC523 /* EngineData in Resources */,
				D3E28022CD367BBDCCBC7256 /* Pets in Resources */,
				91E6E22CA8D776230DF306A3 /* PrivacyInfo.xcprivacy in Resources */,
			);
			runOnlyForDeploymentPostprocessing = 0;
		};
		6B3A3452CC8393E902841226 /* Resources */ = {
			isa = PBXResourcesBuildPhase;
			buildActionMask = 2147483647;
			files = (
				3C33666CE829A6A1E01AD044 /* Assets.xcassets in Resources */,
				7E4183786A0A39941DB4FE2A /* EngineData in Resources */,
				D601A3A1318186EE51DB5690 /* PrivacyInfo.xcprivacy in Resources */,
				7B44FFB1E8A3171A6FC96728 /* THIRD_PARTY.txt in Resources */,
			);
			runOnlyForDeploymentPostprocessing = 0;
		};
/* End PBXResourcesBuildPhase section */

/* Begin PBXSourcesBuildPhase section */
		833A50CA7435C17956D0F7F5 /* Sources */ = {
			isa = PBXSourcesBuildPhase;
			buildActionMask = 2147483647;
			files = (
				CD41935A7D0166B4FD36604D /* AssociationHistoryStore.swift in Sources */,
				36D91B350C9E1AF30D66DE52 /* BufferPlugins.swift in Sources */,
				8526F4A224CE0BAE78322E79 /* CustomKeyboardLayoutsView.swift in Sources */,
				91EBD4A5748E272DC75C5BA9 /* CustomLayoutImportService.swift in Sources */,
				9EFB23E60F08BF5DCF4EB5BB /* CustomLayoutStore.swift in Sources */,
				95ED71AEBE07B91599F16862 /* DataManagementView.swift in Sources */,
				E614C97975864D22B5670551 /* DevelopmentSmoke.swift in Sources */,
				E05C19918F44E90A49CBB47C /* DocumentIdentity.swift in Sources */,
				C13F6FE425476661A93F5F56 /* KeyboardAppearanceStore.swift in Sources */,
				75BA6903D38B18DABD884E65 /* KeyboardAppearanceView.swift in Sources */,
				69B1672DB0DA4A702CD47E8E /* KeyboardTheme.swift in Sources */,
				E858892DBEC8D6E1149D9F05 /* KeyboardThemeStore.swift in Sources */,
				983BF5641DF0DEB2422295E5 /* MobileEngine.swift in Sources */,
				58F7097E34013C659DAEA6F0 /* OfficialPlugins.swift in Sources */,
				63ED8AC039471572901856BA /* OfficialPluginsView.swift in Sources */,
				3E11FAC0D97F5886CDCC43B0 /* ProxyTextDelivery.swift in Sources */,
				B128CD8F9F802BF9045E8BE2 /* RimeMobile.mm in Sources */,
				4961F6AE780BB5C06B8D4582 /* RimeSchemeImportService.swift in Sources */,
				A1159714EFAF35148B97A0CB /* RimeSchemeInstaller.swift in Sources */,
				B251D53107CA725D60847F87 /* RimeSchemeStore.swift in Sources */,
				33CF7811AAFF1A344E74AF8A /* RimeSchemesView.swift in Sources */,
				92849E5F457028B115B1FF68 /* RimesApp.swift in Sources */,
				49D0B8B96EA1C4435CFC0051 /* Settings.swift in Sources */,
				CCEAAFA4B5400A4951D4E60E /* StandardKeyboardGeometry.swift in Sources */,
				71617EA2CC1E7B8590ABFF7C /* TranslationSetupView.swift in Sources */,
				9F7988AFA7A10E27BAA08DC1 /* TypingCardPhotos.swift in Sources */,
				2CC8651505B16A7250086C08 /* TypingStatsCard.swift in Sources */,
				735B7E2158AF773E426B2A0A /* TypingStatsCardView.swift in Sources */,
			);
			runOnlyForDeploymentPostprocessing = 0;
		};
		DA1A17106AD51E9CB8F8BE4C /* Sources */ = {
			isa = PBXSourcesBuildPhase;
			buildActionMask = 2147483647;
			files = (
				93218DC1888F548CD8FA6D6D /* AssociationHistoryStoreTests.swift in Sources */,
				0E3F096AF85A9F91E7741EBA /* BufferComposition.swift in Sources */,
				7D04B7DC48863EA19A5A4AE5 /* CandidateStrip.swift in Sources */,
				4B221BA066E2D63D020A880B /* CustomKeyboardRuntimeTests.swift in Sources */,
				9C05F8CB2F471FD771F050F1 /* CustomLayoutImportTests.swift in Sources */,
				272E9A702E215BA565D36909 /* EngineTests.swift in Sources */,
				3F6D30BE9B93765F7513FFCA /* ImportedSchemeRuntimeTests.swift in Sources */,
				0FC1EF3D45A3AE16603B9FF1 /* KeySurface.swift in Sources */,
				7AC32F9E89FE68E4E8C8B859 /* KeyboardFeedback.swift in Sources */,
				BA2C38C95D71718C2B4AAA4A /* KeyboardGeometry.swift in Sources */,
				B0C0DA13F6F97994AD468B1A /* KeyboardLayoutTests.swift in Sources */,
				DFFC9A8B3C618EB494A659CB /* KeyboardMetrics.swift in Sources */,
				2307CE0B78A56CF65B67A559 /* KeyboardReturnTests.swift in Sources */,
				798C0F202579710ACC1C232A /* KeyboardSizingTests.swift in Sources */,
				FA419B567BF9671706C576FA /* KeyboardThemeTests.swift in Sources */,
				CC9298AE26DEDC6B9284B637 /* KeyboardViewController.swift in Sources */,
				F94D4DE0296412D481BA1321 /* KeycapButton.swift in Sources */,
				5F90899BC8A1FA6AA5ACABA5 /* NineKeySpellingStrip.swift in Sources */,
				166CFB292309FB9C7B49CBCE /* ProxyTextDeliveryTests.swift in Sources */,
				8D68698F672965C3F08BD8BF /* RepeatKeycapButton.swift in Sources */,
				C8768A418DBEFEF541181C58 /* RimeSchemeImportTests.swift in Sources */,
				D081A1CEBA91C526DB633CB0 /* RimeSchemeStoreTests.swift in Sources */,
				861BF46BEEC215A7023FBB87 /* SingleLineTextView.swift in Sources */,
				FA1BBEF748F978F93B9BBE1D /* StandardKeyboardRuntimeTests.swift in Sources */,
				E34EA7DC7E95C18CF5525159 /* TypingCardPreview.swift in Sources */,
				8BF0710A48CF11F0504D6803 /* TypingStatsCardTests.swift in Sources */,
			);
			runOnlyForDeploymentPostprocessing = 0;
		};
		F998648C6C5D76E39EC0A066 /* Sources */ = {
			isa = PBXSourcesBuildPhase;
			buildActionMask = 2147483647;
			files = (
				4D856586B4C7EA5A6A8BF45B /* AssociationHistoryStore.swift in Sources */,
				B25F7EF2358BAE1D1A68B9C9 /* BufferComposition.swift in Sources */,
				359E9CC6938EB1BBDB219690 /* BufferPlugins.swift in Sources */,
				C6DC870A22C6E3C67814072D /* CandidateStrip.swift in Sources */,
				E72C1337034D54AE30ACC983 /* CustomLayoutStore.swift in Sources */,
				802DBBE669D7024D9EB737DA /* DocumentIdentity.swift in Sources */,
				A4903D0AB35165B2EC3A3B2C /* KeySurface.swift in Sources */,
				AE09C60A0E0626DD4439C54C /* KeyboardAppearanceStore.swift in Sources */,
				07278CA48F1961A0966D176D /* KeyboardFeedback.swift in Sources */,
				E2BD4AD074AC6BDD6B5DA1FE /* KeyboardGeometry.swift in Sources */,
				98C4B2DF0BB9CAD7A2C89052 /* KeyboardMetrics.swift in Sources */,
				3B550D2E995F9AF0E98E0161 /* KeyboardTheme.swift in Sources */,
				F359EC1C617DC64B36FCC428 /* KeyboardThemeStore.swift in Sources */,
				6676C678F69E9C29144B1955 /* KeyboardViewController.swift in Sources */,
				3E147968371E22274FF45E11 /* KeycapButton.swift in Sources */,
				630E928793178DCD96B5DD17 /* MobileEngine.swift in Sources */,
				25DCCF513E407077F1F0A806 /* NineKeySpellingStrip.swift in Sources */,
				95A5EB13734351E885046A93 /* OfficialPlugins.swift in Sources */,
				7C801FD873B35BEC029F7469 /* ProxyTextDelivery.swift in Sources */,
				92163C597796278856E657A5 /* RepeatKeycapButton.swift in Sources */,
				15C8E9DF2F87DE79FBB21672 /* RimeMobile.mm in Sources */,
				2C74B9E450061B9F6039A393 /* RimeSchemeStore.swift in Sources */,
				34ED8AECFF8B222576516BC0 /* Settings.swift in Sources */,
				51BE676C9B57DCF8AB6B8B20 /* SingleLineTextView.swift in Sources */,
				53711EC3A47E831055F5FA12 /* StandardKeyboardGeometry.swift in Sources */,
				C67268C6135B29666AB32EB5 /* TypingCardPhotos.swift in Sources */,
				527AFFFAD37FAAF49895D345 /* TypingCardPreview.swift in Sources */,
				F686A4851F036E5D6AAB61DD /* TypingStatsCard.swift in Sources */,
			);
			runOnlyForDeploymentPostprocessing = 0;
		};
/* End PBXSourcesBuildPhase section */

/* Begin PBXTargetDependency section */
		18576031FBB751E567318A63 /* PBXTargetDependency */ = {
			isa = PBXTargetDependency;
			target = EC4CCCDBB1A3610A10D396CE /* RIMESKeyboard */;
			targetProxy = 5DD2D981B312B20451AA19E0 /* PBXContainerItemProxy */;
		};
		AB02CCFDB17827E307FD56CA /* PBXTargetDependency */ = {
			isa = PBXTargetDependency;
			target = E60D4567B3E06117E9AAFC00 /* RIMES */;
			targetProxy = 8EB539F69DB17A3C6A0EDA44 /* PBXContainerItemProxy */;
		};
/* End PBXTargetDependency section */

/* Begin XCBuildConfiguration section */
		1D8363B7BA51EADB7BB0EB09 /* Debug */ = {
			isa = XCBuildConfiguration;
			buildSettings = {
				ASSETCATALOG_COMPILER_APPICON_NAME = AppIcon;
				CODE_SIGN_ENTITLEMENTS = App/RIMES.entitlements;
				CODE_SIGN_IDENTITY = "iPhone Developer";
				FRAMEWORK_SEARCH_PATHS = (
					"$(inherited)",
					"\"../../Vendor\"",
				);
				INFOPLIST_FILE = App/Info.plist;
				LD_RUNPATH_SEARCH_PATHS = (
					"$(inherited)",
					"@executable_path/Frameworks",
				);
				PRODUCT_BUNDLE_IDENTIFIER = org.scholay.rimes.ios;
				SDKROOT = iphoneos;
				TARGETED_DEVICE_FAMILY = 1;
			};
			name = Debug;
		};
		2AFFE4D8583036C14314042B /* Release */ = {
			isa = XCBuildConfiguration;
			buildSettings = {
				ASSETCATALOG_COMPILER_APPICON_NAME = AppIcon;
				CODE_SIGN_ENTITLEMENTS = App/RIMES.entitlements;
				CODE_SIGN_IDENTITY = "iPhone Developer";
				FRAMEWORK_SEARCH_PATHS = (
					"$(inherited)",
					"\"../../Vendor\"",
				);
				INFOPLIST_FILE = App/Info.plist;
				LD_RUNPATH_SEARCH_PATHS = (
					"$(inherited)",
					"@executable_path/Frameworks",
				);
				PRODUCT_BUNDLE_IDENTIFIER = org.scholay.rimes.ios;
				SDKROOT = iphoneos;
				TARGETED_DEVICE_FAMILY = 1;
			};
			name = Release;
		};
		54C9743EFC8F4C8FB3644495 /* Debug */ = {
			isa = XCBuildConfiguration;
			buildSettings = {
				ALWAYS_SEARCH_USER_PATHS = NO;
				ARCHS = arm64;
				CLANG_ANALYZER_NONNULL = YES;
				CLANG_ANALYZER_NUMBER_OBJECT_CONVERSION = YES_AGGRESSIVE;
				CLANG_CXX_LANGUAGE_STANDARD = "c++17";
				CLANG_CXX_LIBRARY = "libc++";
				CLANG_ENABLE_MODULES = YES;
				CLANG_ENABLE_OBJC_ARC = YES;
				CLANG_ENABLE_OBJC_WEAK = YES;
				CLANG_WARN_BLOCK_CAPTURE_AUTORELEASING = YES;
				CLANG_WARN_BOOL_CONVERSION = YES;
				CLANG_WARN_COMMA = YES;
				CLANG_WARN_CONSTANT_CONVERSION = YES;
				CLANG_WARN_DEPRECATED_OBJC_IMPLEMENTATIONS = YES;
				CLANG_WARN_DIRECT_OBJC_ISA_USAGE = YES_ERROR;
				CLANG_WARN_DOCUMENTATION_COMMENTS = YES;
				CLANG_WARN_EMPTY_BODY = YES;
				CLANG_WARN_ENUM_CONVERSION = YES;
				CLANG_WARN_INFINITE_RECURSION = YES;
				CLANG_WARN_INT_CONVERSION = YES;
				CLANG_WARN_NON_LITERAL_NULL_CONVERSION = YES;
				CLANG_WARN_OBJC_IMPLICIT_RETAIN_SELF = YES;
				CLANG_WARN_OBJC_LITERAL_CONVERSION = YES;
				CLANG_WARN_OBJC_ROOT_CLASS = YES_ERROR;
				CLANG_WARN_QUOTED_INCLUDE_IN_FRAMEWORK_HEADER = YES;
				CLANG_WARN_RANGE_LOOP_ANALYSIS = YES;
				CLANG_WARN_STRICT_PROTOTYPES = YES;
				CLANG_WARN_SUSPICIOUS_MOVE = YES;
				CLANG_WARN_UNGUARDED_AVAILABILITY = YES_AGGRESSIVE;
				CLANG_WARN_UNREACHABLE_CODE = YES;
				CLANG_WARN__DUPLICATE_METHOD_MATCH = YES;
				CODE_SIGN_STYLE = Automatic;
				COPY_PHASE_STRIP = NO;
				CURRENT_PROJECT_VERSION = 35;
				DEBUG_INFORMATION_FORMAT = dwarf;
				DEVELOPMENT_TEAM = 585J2TL9U6;
				ENABLE_STRICT_OBJC_MSGSEND = YES;
				ENABLE_TESTABILITY = YES;
				ENABLE_USER_SCRIPT_SANDBOXING = YES;
				GCC_C_LANGUAGE_STANDARD = gnu11;
				GCC_DYNAMIC_NO_PIC = NO;
				GCC_NO_COMMON_BLOCKS = YES;
				GCC_OPTIMIZATION_LEVEL = 0;
				GCC_PREPROCESSOR_DEFINITIONS = (
					"$(inherited)",
					"DEBUG=1",
				);
				GCC_WARN_64_TO_32_BIT_CONVERSION = YES;
				GCC_WARN_ABOUT_RETURN_TYPE = YES_ERROR;
				GCC_WARN_UNDECLARED_SELECTOR = YES;
				GCC_WARN_UNINITIALIZED_AUTOS = YES_AGGRESSIVE;
				GCC_WARN_UNUSED_FUNCTION = YES;
				GCC_WARN_UNUSED_VARIABLE = YES;
				HEADER_SEARCH_PATHS = "$(SRCROOT)/../../Vendor/ios-build/headers";
				IPHONEOS_DEPLOYMENT_TARGET = 17.0;
				MARKETING_VERSION = 1.1.0;
				MTL_ENABLE_DEBUG_INFO = INCLUDE_SOURCE;
				MTL_FAST_MATH = YES;
				ONLY_ACTIVE_ARCH = YES;
				OTHER_LDFLAGS = (
					"$(inherited)",
					"-lc++",
					"-all_load",
				);
				PRODUCT_NAME = "$(TARGET_NAME)";
				RIMES_APP_GROUP = group.org.scholay.rimes.ios;
				SDKROOT = iphoneos;
				SWIFT_ACTIVE_COMPILATION_CONDITIONS = DEBUG;
				SWIFT_OBJC_BRIDGING_HEADER = Bridge/RimeMobile.h;
				SWIFT_OPTIMIZATION_LEVEL = "-Onone";
				SWIFT_VERSION = 5.0;
				TARGETED_DEVICE_FAMILY = 1;
			};
			name = Debug;
		};
		5C53D80F9324C5AB0567CF25 /* Debug */ = {
			isa = XCBuildConfiguration;
			buildSettings = {
				BUNDLE_LOADER = "$(TEST_HOST)";
				GENERATE_INFOPLIST_FILE = YES;
				INFOPLIST_FILE = Keyboard/Info.plist;
				LD_RUNPATH_SEARCH_PATHS = (
					"$(inherited)",
					"@executable_path/Frameworks",
					"@loader_path/Frameworks",
				);
				PRODUCT_BUNDLE_IDENTIFIER = org.scholay.rimes.ios.tests;
				SDKROOT = iphoneos;
				SWIFT_ACTIVE_COMPILATION_CONDITIONS = (
					"$(inherited)",
					KEYBOARD_LAYOUT_TESTS,
				);
				SWIFT_OBJC_BRIDGING_HEADER = "";
				TARGETED_DEVICE_FAMILY = 1;
				TEST_HOST = "$(BUILT_PRODUCTS_DIR)/RIMES.app/RIMES";
			};
			name = Debug;
		};
		B0F06B13FEB3BE22A414813B /* Release */ = {
			isa = XCBuildConfiguration;
			buildSettings = {
				BUNDLE_LOADER = "$(TEST_HOST)";
				GENERATE_INFOPLIST_FILE = YES;
				INFOPLIST_FILE = Keyboard/Info.plist;
				LD_RUNPATH_SEARCH_PATHS = (
					"$(inherited)",
					"@executable_path/Frameworks",
					"@loader_path/Frameworks",
				);
				PRODUCT_BUNDLE_IDENTIFIER = org.scholay.rimes.ios.tests;
				SDKROOT = iphoneos;
				SWIFT_ACTIVE_COMPILATION_CONDITIONS = (
					"$(inherited)",
					KEYBOARD_LAYOUT_TESTS,
				);
				SWIFT_OBJC_BRIDGING_HEADER = "";
				TARGETED_DEVICE_FAMILY = 1;
				TEST_HOST = "$(BUILT_PRODUCTS_DIR)/RIMES.app/RIMES";
			};
			name = Release;
		};
		B9FE632B3EDFB0A6B7D90AD5 /* Debug */ = {
			isa = XCBuildConfiguration;
			buildSettings = {
				APPLICATION_EXTENSION_API_ONLY = YES;
				CODE_SIGN_ENTITLEMENTS = Keyboard/RIMESKeyboard.entitlements;
				FRAMEWORK_SEARCH_PATHS = (
					"$(inherited)",
					"\"../../Vendor\"",
				);
				INFOPLIST_FILE = Keyboard/Info.plist;
				LD_RUNPATH_SEARCH_PATHS = (
					"$(inherited)",
					"@executable_path/Frameworks",
					"@executable_path/../../Frameworks",
				);
				PRODUCT_BUNDLE_IDENTIFIER = org.scholay.rimes.ios.keyboard;
				SDKROOT = iphoneos;
				SKIP_INSTALL = YES;
				TARGETED_DEVICE_FAMILY = 1;
			};
			name = Debug;
		};
		D0D9008810B1CF5489B7ACC1 /* Release */ = {
			isa = XCBuildConfiguration;
			buildSettings = {
				APPLICATION_EXTENSION_API_ONLY = YES;
				CODE_SIGN_ENTITLEMENTS = Keyboard/RIMESKeyboard.entitlements;
				FRAMEWORK_SEARCH_PATHS = (
					"$(inherited)",
					"\"../../Vendor\"",
				);
				INFOPLIST_FILE = Keyboard/Info.plist;
				LD_RUNPATH_SEARCH_PATHS = (
					"$(inherited)",
					"@executable_path/Frameworks",
					"@executable_path/../../Frameworks",
				);
				PRODUCT_BUNDLE_IDENTIFIER = org.scholay.rimes.ios.keyboard;
				SDKROOT = iphoneos;
				SKIP_INSTALL = YES;
				TARGETED_DEVICE_FAMILY = 1;
			};
			name = Release;
		};
		F3B96FA5145061D78C7E2CC1 /* Release */ = {
			isa = XCBuildConfiguration;
			buildSettings = {
				ALWAYS_SEARCH_USER_PATHS = NO;
				ARCHS = arm64;
				CLANG_ANALYZER_NONNULL = YES;
				CLANG_ANALYZER_NUMBER_OBJECT_CONVERSION = YES_AGGRESSIVE;
				CLANG_CXX_LANGUAGE_STANDARD = "c++17";
				CLANG_CXX_LIBRARY = "libc++";
				CLANG_ENABLE_MODULES = YES;
				CLANG_ENABLE_OBJC_ARC = YES;
				CLANG_ENABLE_OBJC_WEAK = YES;
				CLANG_WARN_BLOCK_CAPTURE_AUTORELEASING = YES;
				CLANG_WARN_BOOL_CONVERSION = YES;
				CLANG_WARN_COMMA = YES;
				CLANG_WARN_CONSTANT_CONVERSION = YES;
				CLANG_WARN_DEPRECATED_OBJC_IMPLEMENTATIONS = YES;
				CLANG_WARN_DIRECT_OBJC_ISA_USAGE = YES_ERROR;
				CLANG_WARN_DOCUMENTATION_COMMENTS = YES;
				CLANG_WARN_EMPTY_BODY = YES;
				CLANG_WARN_ENUM_CONVERSION = YES;
				CLANG_WARN_INFINITE_RECURSION = YES;
				CLANG_WARN_INT_CONVERSION = YES;
				CLANG_WARN_NON_LITERAL_NULL_CONVERSION = YES;
				CLANG_WARN_OBJC_IMPLICIT_RETAIN_SELF = YES;
				CLANG_WARN_OBJC_LITERAL_CONVERSION = YES;
				CLANG_WARN_OBJC_ROOT_CLASS = YES_ERROR;
				CLANG_WARN_QUOTED_INCLUDE_IN_FRAMEWORK_HEADER = YES;
				CLANG_WARN_RANGE_LOOP_ANALYSIS = YES;
				CLANG_WARN_STRICT_PROTOTYPES = YES;
				CLANG_WARN_SUSPICIOUS_MOVE = YES;
				CLANG_WARN_UNGUARDED_AVAILABILITY = YES_AGGRESSIVE;
				CLANG_WARN_UNREACHABLE_CODE = YES;
				CLANG_WARN__DUPLICATE_METHOD_MATCH = YES;
				CODE_SIGN_STYLE = Automatic;
				COPY_PHASE_STRIP = NO;
				CURRENT_PROJECT_VERSION = 35;
				DEBUG_INFORMATION_FORMAT = "dwarf-with-dsym";
				DEVELOPMENT_TEAM = 585J2TL9U6;
				ENABLE_NS_ASSERTIONS = NO;
				ENABLE_STRICT_OBJC_MSGSEND = YES;
				ENABLE_USER_SCRIPT_SANDBOXING = YES;
				GCC_C_LANGUAGE_STANDARD = gnu11;
				GCC_NO_COMMON_BLOCKS = YES;
				GCC_WARN_64_TO_32_BIT_CONVERSION = YES;
				GCC_WARN_ABOUT_RETURN_TYPE = YES_ERROR;
				GCC_WARN_UNDECLARED_SELECTOR = YES;
				GCC_WARN_UNINITIALIZED_AUTOS = YES_AGGRESSIVE;
				GCC_WARN_UNUSED_FUNCTION = YES;
				GCC_WARN_UNUSED_VARIABLE = YES;
				HEADER_SEARCH_PATHS = "$(SRCROOT)/../../Vendor/ios-build/headers";
				IPHONEOS_DEPLOYMENT_TARGET = 17.0;
				MARKETING_VERSION = 1.1.0;
				MTL_ENABLE_DEBUG_INFO = NO;
				MTL_FAST_MATH = YES;
				OTHER_LDFLAGS = (
					"$(inherited)",
					"-lc++",
					"-all_load",
				);
				PRODUCT_NAME = "$(TARGET_NAME)";
				RIMES_APP_GROUP = group.org.scholay.rimes.ios;
				SDKROOT = iphoneos;
				SWIFT_COMPILATION_MODE = wholemodule;
				SWIFT_OBJC_BRIDGING_HEADER = Bridge/RimeMobile.h;
				SWIFT_OPTIMIZATION_LEVEL = "-O";
				SWIFT_VERSION = 5.0;
				TARGETED_DEVICE_FAMILY = 1;
			};
			name = Release;
		};
/* End XCBuildConfiguration section */

/* Begin XCConfigurationList section */
		3F62F4107BC697E2FB928204 /* Build configuration list for PBXNativeTarget "RIMESTests" */ = {
			isa = XCConfigurationList;
			buildConfigurations = (
				5C53D80F9324C5AB0567CF25 /* Debug */,
				B0F06B13FEB3BE22A414813B /* Release */,
			);
			defaultConfigurationIsVisible = 0;
			defaultConfigurationName = Debug;
		};
		B7ABE11F39E0602339736CB7 /* Build configuration list for PBXProject "RIMES" */ = {
			isa = XCConfigurationList;
			buildConfigurations = (
				54C9743EFC8F4C8FB3644495 /* Debug */,
				F3B96FA5145061D78C7E2CC1 /* Release */,
			);
			defaultConfigurationIsVisible = 0;
			defaultConfigurationName = Debug;
		};
		BAB4AF4244CF3EB3A2A2235E /* Build configuration list for PBXNativeTarget "RIMES" */ = {
			isa = XCConfigurationList;
			buildConfigurations = (
				1D8363B7BA51EADB7BB0EB09 /* Debug */,
				2AFFE4D8583036C14314042B /* Release */,
			);
			defaultConfigurationIsVisible = 0;
			defaultConfigurationName = Debug;
		};
		E7D43311CE52E9C1FE3DA162 /* Build configuration list for PBXNativeTarget "RIMESKeyboard" */ = {
			isa = XCConfigurationList;
			buildConfigurations = (
				B9FE632B3EDFB0A6B7D90AD5 /* Debug */,
				D0D9008810B1CF5489B7ACC1 /* Release */,
			);
			defaultConfigurationIsVisible = 0;
			defaultConfigurationName = Debug;
		};
/* End XCConfigurationList section */

/* Begin XCLocalSwiftPackageReference section */
		5EF4D559F659289BBCA690C3 /* XCLocalSwiftPackageReference "../../Shared" */ = {
			isa = XCLocalSwiftPackageReference;
			relativePath = ../../Shared;
		};
/* End XCLocalSwiftPackageReference section */

/* Begin XCRemoteSwiftPackageReference section */
		10973DD79569615674A733C1 /* XCRemoteSwiftPackageReference "ZIPFoundation" */ = {
			isa = XCRemoteSwiftPackageReference;
			repositoryURL = "https://github.com/weichsel/ZIPFoundation.git";
			requirement = {
				kind = exactVersion;
				version = 0.9.19;
			};
		};
		DA71FF9156A145954F632A98 /* XCRemoteSwiftPackageReference "Yams" */ = {
			isa = XCRemoteSwiftPackageReference;
			repositoryURL = "https://github.com/jpsim/Yams.git";
			requirement = {
				kind = exactVersion;
				version = 5.1.3;
			};
		};
/* End XCRemoteSwiftPackageReference section */

/* Begin XCSwiftPackageProductDependency section */
		0D07BB2C862F11B2A58FA496 /* ZIPFoundation */ = {
			isa = XCSwiftPackageProductDependency;
			package = 10973DD79569615674A733C1 /* XCRemoteSwiftPackageReference "ZIPFoundation" */;
			productName = ZIPFoundation;
		};
		166AC455F71B32F8A88BEBA0 /* RimesCore */ = {
			isa = XCSwiftPackageProductDependency;
			productName = RimesCore;
		};
		62445D535B1D7A6366C0234B /* RimesCore */ = {
			isa = XCSwiftPackageProductDependency;
			productName = RimesCore;
		};
		7142FC0CD1A3B50276E5662D /* Yams */ = {
			isa = XCSwiftPackageProductDependency;
			package = DA71FF9156A145954F632A98 /* XCRemoteSwiftPackageReference "Yams" */;
			productName = Yams;
		};
		B7DEF318D8057D84786E61BB /* ZIPFoundation */ = {
			isa = XCSwiftPackageProductDependency;
			package = 10973DD79569615674A733C1 /* XCRemoteSwiftPackageReference "ZIPFoundation" */;
			productName = ZIPFoundation;
		};
		BD70F7451E25B54A49DF7E2C /* RimesCore */ = {
			isa = XCSwiftPackageProductDependency;
			productName = RimesCore;
		};
/* End XCSwiftPackageProductDependency section */
	};
	rootObject = 3C24AC1759D20490388A0068 /* Project object */;
}
